
Microsoft Visual Studio Solution File, Format Version 12.00
# Visual Studio Version 16
VisualStudioVersion = 16.0.29709.97
MinimumVisualStudioVersion = 10.0.40219.1
Project("{FAE04EC0-301F-11D3-BF4B-00C04F79EFBC}") = "CSharpMenu", "CSharpMenu\CSharpMenu.csproj", "{5D88BAD1-CF4B-4F68-B3B7-004C8E8A69F0}"
EndProject
Global
	GlobalSection(SolutionConfigurationPlatforms) = preSolution
		Debug|Any CPU = Debug|Any CPU
		Release|Any CPU = Release|Any CPU
	EndGlobalSection
	GlobalSection(ProjectConfigurationPlatforms) = postSolution
		{5D88BAD1-CF4B-4F68-B3B7-004C8E8A69F0}.Debug|Any CPU.ActiveCfg = Debug|Any CPU
		{5D88BAD1-CF4B-4F68-B3B7-004C8E8A69F0}.Debug|Any CPU.Build.0 = Debug|Any CPU
		{5D88BAD1-CF4B-4F68-B3B7-004C8E8A69F0}.Release|Any CPU.ActiveCfg = Release|Any CPU
		{5D88BAD1-CF4B-4F68-B3B7-004C8E8A69F0}.Release|Any CPU.Build.0 = Release|Any CPU
	EndGlobalSection
	GlobalSection(SolutionProperties) = preSolution
		HideSolutionNode = FALSE
	EndGlobalSection
	GlobalSection(ExtensibilityGlobals) = postSolution
		SolutionGuid = {106909E3-171F-4AF4-B8DF-773FDD26A835}
	EndGlobalSection
EndGlobal
